<?xml version="1.0" encoding="utf-8"?>
<Project ToolsVersion="4.0" xmlns="http://schemas.microsoft.com/developer/msbuild/2003">
  <ItemGroup>
    <Filter Include="Source Files">
      <UniqueIdentifier>{4FC737F1-C7A5-4376-A066-2A32D752A2FF}</UniqueIdentifier>
      <Extensions>cpp;c;cc;cxx;def;odl;idl;hpj;bat;asm;asmx</Extensions>
    </Filter>
    <Filter Include="Header Files">
      <UniqueIdentifier>{93995380-89BD-4b04-88EB-625FBE52EBFB}</UniqueIdentifier>
      <Extensions>h;hpp;hxx;hm;inl;inc;xsd</Extensions>
    </Filter>
    <Filter Include="Resource Files">
      <UniqueIdentifier>{67DA6AB6-F800-4c08-8B7A-83BB121AAD01}</UniqueIdentifier>
      <Extensions>rc;ico;cur;bmp;dlg;rc2;rct;bin;rgs;gif;jpg;jpeg;jpe;resx;tiff;tif;png;wav;mfcribbon-ms</Extensions>
    </Filter>
    <Filter Include="Source Files\external">
      <UniqueIdentifier>{53806b9e-7d00-44e8-aab5-62ee7c2dd6b1}</UniqueIdentifier>
    </Filter>
  </ItemGroup>
  <ItemGroup>
    <ClCompile Include="..\..\Source\GUI\List.cpp">
      <Filter>Source Files</Filter>
    </ClCompile>
    <ClCompile Include="..\..\Source\GUI\Manager.cpp">
      <Filter>Source Files</Filter>
    </ClCompile>
    <ClCompile Include="..\..\Source\GUI\MovingPoint.cpp">
      <Filter>Source Files</Filter>
    </ClCompile>
    <ClCompile Include="..\..\Source\GUI\Panel.cpp">
      <Filter>Source Files</Filter>
    </ClCompile>
    <ClCompile Include="..\..\Source\GUI\Render.cpp">
      <Filter>Source Files</Filter>
    </ClCompile>
    <ClCompile Include="..\..\Source\GUI\ScrollView.cpp">
      <Filter>Source Files</Filter>
    </ClCompile>
    <ClCompile Include="..\..\Source\GUI\Sizer.cpp">
      <Filter>Source Files</Filter>
    </ClCompile>
    <ClCompile Include="..\..\Source\GUI\Slider.cpp">
      <Filter>Source Files</Filter>
    </ClCompile>
    <ClCompile Include="..\..\Source\GUI\Switch.cpp">
      <Filter>Source Files</Filter>
    </ClCompile>
    <ClCompile Include="..\..\Source\GUI\WindowsFontGenerator.cpp">
      <Filter>Source Files</Filter>
    </ClCompile>
    <ClCompile Include="..\..\Source\GUI\Button.cpp">
      <Filter>Source Files</Filter>
    </ClCompile>
    <ClCompile Include="..\..\Source\GUI\Container.cpp">
      <Filter>Source Files</Filter>
    </ClCompile>
    <ClCompile Include="..\..\Source\GUI\Cursor.cpp">
      <Filter>Source Files</Filter>
    </ClCompile>
    <ClCompile Include="..\..\Source\GUI\Edit.cpp">
      <Filter>Source Files</Filter>
    </ClCompile>
    <ClCompile Include="..\..\Source\GUI\Element.cpp">
      <Filter>Source Files</Filter>
    </ClCompile>
    <ClCompile Include="..\..\Source\GUI\FloatField.cpp">
      <Filter>Source Files</Filter>
    </ClCompile>
    <ClCompile Include="..\..\Source\GUI\Foldout.cpp">
      <Filter>Source Files</Filter>
    </ClCompile>
    <ClCompile Include="..\..\Source\GUI\Font.cpp">
      <Filter>Source Files</Filter>
    </ClCompile>
    <ClCompile Include="..\..\Source\GUI\Label.cpp">
      <Filter>Source Files</Filter>
    </ClCompile>
    <ClCompile Include="dllmain.cpp">
      <Filter>Source Files</Filter>
    </ClCompile>
    <ClCompile Include="..\..\..\Externals\src\bitmap.cpp">
      <Filter>Source Files\external</Filter>
    </ClCompile>
    <ClCompile Include="..\..\Source\GUI\IntField.cpp">
      <Filter>Source Files</Filter>
    </ClCompile>
    <ClCompile Include="..\..\Source\GUI\Separator.cpp">
      <Filter>Source Files</Filter>
    </ClCompile>
    <ClCompile Include="..\..\Source\GUI\Window.cpp">
      <Filter>Source Files</Filter>
    </ClCompile>
    <ClCompile Include="..\..\Source\GUI\Menu.cpp">
      <Filter>Source Files</Filter>
    </ClCompile>
    <ClCompile Include="..\..\Source\GUI\MenuItem.cpp">
      <Filter>Source Files</Filter>
    </ClCompile>
    <ClCompile Include="..\..\Source\GUI\DropDownList.cpp">
      <Filter>Source Files</Filter>
    </ClCompile>
    <ClCompile Include="..\..\Source\GUI\MenuContentSource.cpp">
      <Filter>Source Files</Filter>
    </ClCompile>
  </ItemGroup>
  <ItemGroup>
    <ClInclude Include="..\..\Source\GUI\List.h">
      <Filter>Header Files</Filter>
    </ClInclude>
    <ClInclude Include="..\..\Source\GUI\Manager.h">
      <Filter>Header Files</Filter>
    </ClInclude>
    <ClInclude Include="..\..\Source\GUI\MovingPoint.h">
      <Filter>Header Files</Filter>
    </ClInclude>
    <ClInclude Include="..\..\Source\GUI\Panel.h">
      <Filter>Header Files</Filter>
    </ClInclude>
    <ClInclude Include="..\..\Source\GUI\Render.h">
      <Filter>Header Files</Filter>
    </ClInclude>
    <ClInclude Include="..\..\Source\GUI\Sizer.h">
      <Filter>Header Files</Filter>
    </ClInclude>
    <ClInclude Include="..\..\Source\GUI\Slider.h">
      <Filter>Header Files</Filter>
    </ClInclude>
    <ClInclude Include="..\..\Source\GUI\Switch.h">
      <Filter>Header Files</Filter>
    </ClInclude>
    <ClInclude Include="..\..\Source\GUI\WindowsFontGenerator.h">
      <Filter>Header Files</Filter>
    </ClInclude>
    <ClInclude Include="..\..\Source\GUI\Button.h">
      <Filter>Header Files</Filter>
    </ClInclude>
    <ClInclude Include="..\..\Source\GUI\Container.h">
      <Filter>Header Files</Filter>
    </ClInclude>
    <ClInclude Include="..\..\Source\GUI\Cursor.h">
      <Filter>Header Files</Filter>
    </ClInclude>
    <ClInclude Include="..\..\Source\GUI\Edit.h">
      <Filter>Header Files</Filter>
    </ClInclude>
    <ClInclude Include="..\..\Source\GUI\Element.h">
      <Filter>Header Files</Filter>
    </ClInclude>
    <ClInclude Include="..\..\Source\GUI\FloatField.h">
      <Filter>Header Files</Filter>
    </ClInclude>
    <ClInclude Include="..\..\Source\GUI\Foldout.h">
      <Filter>Header Files</Filter>
    </ClInclude>
    <ClInclude Include="..\..\Source\GUI\Font.h">
      <Filter>Header Files</Filter>
    </ClInclude>
    <ClInclude Include="..\..\Source\GUI\Label.h">
      <Filter>Header Files</Filter>
    </ClInclude>
    <ClInclude Include="..\..\Source\GUI\Bounds2D.h">
      <Filter>Header Files</Filter>
    </ClInclude>
    <ClInclude Include="..\..\Source\GUI\IntField.h">
      <Filter>Header Files</Filter>
    </ClInclude>
    <ClInclude Include="..\..\Source\GUI\Separator.h">
      <Filter>Header Files</Filter>
    </ClInclude>
    <ClInclude Include="..\..\Source\GUI\Window.h">
      <Filter>Header Files</Filter>
    </ClInclude>
    <ClInclude Include="..\..\Source\GUI\ScrollView.h">
      <Filter>Header Files</Filter>
    </ClInclude>
    <ClInclude Include="..\..\Source\GUI\Menu.h">
      <Filter>Header Files</Filter>
    </ClInclude>
    <ClInclude Include="..\..\Source\GUI\MenuItem.h">
      <Filter>Header Files</Filter>
    </ClInclude>
    <ClInclude Include="..\..\Source\GUI\DropDownList.h">
      <Filter>Header Files</Filter>
    </ClInclude>
    <ClInclude Include="..\..\Source\GUI\MenuContentSource.h">
      <Filter>Header Files</Filter>
    </ClInclude>
  </ItemGroup>
</Project>