<?xml version="1.0" encoding="utf-8"?>
<Project ToolsVersion="4.0" xmlns="http://schemas.microsoft.com/developer/msbuild/2003">
  <ItemGroup>
    <Filter Include="Source Files">
      <UniqueIdentifier>{4FC737F1-C7A5-4376-A066-2A32D752A2FF}</UniqueIdentifier>
      <Extensions>cpp;c;cc;cxx;def;odl;idl;hpj;bat;asm;asmx</Extensions>
    </Filter>
    <Filter Include="Header Files">
      <UniqueIdentifier>{93995380-89BD-4b04-88EB-625FBE52EBFB}</UniqueIdentifier>
      <Extensions>h;hpp;hxx;hm;inl;inc;xsd</Extensions>
    </Filter>
    <Filter Include="Resource Files">
      <UniqueIdentifier>{67DA6AB6-F800-4c08-8B7A-83BB121AAD01}</UniqueIdentifier>
      <Extensions>rc;ico;cur;bmp;dlg;rc2;rct;bin;rgs;gif;jpg;jpeg;jpe;resx;tiff;tif;png;wav;mfcribbon-ms</Extensions>
    </Filter>
    <Filter Include="Header Files\FileSystem">
      <UniqueIdentifier>{c4dd675f-8c03-4a19-92f3-1315f22f7181}</UniqueIdentifier>
    </Filter>
    <Filter Include="Source Files\FileSystem">
      <UniqueIdentifier>{39bef45c-3d4a-4806-994e-dbda870e85e0}</UniqueIdentifier>
    </Filter>
    <Filter Include="Source Files\Reflection">
      <UniqueIdentifier>{fd5c214d-e940-430e-87fa-7270924a0ac9}</UniqueIdentifier>
    </Filter>
    <Filter Include="Header Files\Reflection">
      <UniqueIdentifier>{6ca8900a-69a5-43de-b080-439c573fc8d3}</UniqueIdentifier>
    </Filter>
    <Filter Include="Header Files\Math">
      <UniqueIdentifier>{77cab788-56dc-42bb-981a-d2500708daa6}</UniqueIdentifier>
    </Filter>
    <Filter Include="Source Files\Math">
      <UniqueIdentifier>{c7ed30a1-ddd3-449d-99b9-ee6d6b564583}</UniqueIdentifier>
    </Filter>
    <Filter Include="Source Files\external">
      <UniqueIdentifier>{64a3a951-fdc2-40d6-86f4-a849962c779d}</UniqueIdentifier>
    </Filter>
    <Filter Include="Header Files\Render">
      <UniqueIdentifier>{b926fcd3-e4e0-48a1-afdc-ff3154e8fe29}</UniqueIdentifier>
    </Filter>
    <Filter Include="Source Files\Render">
      <UniqueIdentifier>{3b466078-7e47-414a-95e1-16a7b539f094}</UniqueIdentifier>
    </Filter>
    <Filter Include="Header Files\Audio">
      <UniqueIdentifier>{562c9ff0-3ada-4754-9bc9-046148e12fa3}</UniqueIdentifier>
    </Filter>
  </ItemGroup>
  <ItemGroup>
    <ClCompile Include="dllmain.cpp">
      <Filter>Source Files</Filter>
    </ClCompile>
    <ClCompile Include="..\..\Source\Common\Data.cpp">
      <Filter>Source Files</Filter>
    </ClCompile>
    <ClCompile Include="..\..\Source\Common\Input.cpp">
      <Filter>Source Files</Filter>
    </ClCompile>
    <ClCompile Include="..\..\Source\Common\Log.cpp">
      <Filter>Source Files</Filter>
    </ClCompile>
    <ClCompile Include="..\..\Source\Common\Notification.cpp">
      <Filter>Source Files</Filter>
    </ClCompile>
    <ClCompile Include="..\..\Source\Common\Settings.cpp">
      <Filter>Source Files</Filter>
    </ClCompile>
    <ClCompile Include="..\..\Source\Common\TimeCounter.cpp">
      <Filter>Source Files</Filter>
    </ClCompile>
    <ClCompile Include="..\..\Source\FileSystem\ZipFileStorage.cpp">
      <Filter>Source Files\FileSystem</Filter>
    </ClCompile>
    <ClCompile Include="..\..\Source\FileSystem\FileStorage.cpp">
      <Filter>Source Files\FileSystem</Filter>
    </ClCompile>
    <ClCompile Include="..\..\Source\FileSystem\FileStorageFactory.cpp">
      <Filter>Source Files\FileSystem</Filter>
    </ClCompile>
    <ClCompile Include="..\..\Source\FileSystem\Folder.cpp">
      <Filter>Source Files\FileSystem</Filter>
    </ClCompile>
    <ClCompile Include="..\..\Source\FileSystem\Path.cpp">
      <Filter>Source Files\FileSystem</Filter>
    </ClCompile>
    <ClCompile Include="..\..\Source\Reflection\Object.cpp">
      <Filter>Source Files\Reflection</Filter>
    </ClCompile>
    <ClCompile Include="..\..\Source\Math\PerlinNoise.cpp">
      <Filter>Source Files\Math</Filter>
    </ClCompile>
    <ClCompile Include="..\..\Source\Math\GeometryTools.cpp">
      <Filter>Source Files\Math</Filter>
    </ClCompile>
    <ClCompile Include="..\..\..\Externals\include\pugixml\pugixml.cpp">
      <Filter>Source Files\external</Filter>
    </ClCompile>
    <ClCompile Include="..\..\Source\Render\VertexBuffer.cpp">
      <Filter>Source Files\Render</Filter>
    </ClCompile>
    <ClCompile Include="..\..\Source\Render\Camera.cpp">
      <Filter>Source Files\Render</Filter>
    </ClCompile>
    <ClCompile Include="..\..\Source\Render\Image.cpp">
      <Filter>Source Files\Render</Filter>
    </ClCompile>
    <ClCompile Include="..\..\Source\Render\IndexBuffer.cpp">
      <Filter>Source Files\Render</Filter>
    </ClCompile>
    <ClCompile Include="..\..\Source\Render\IRender.cpp">
      <Filter>Source Files\Render</Filter>
    </ClCompile>
    <ClCompile Include="..\..\Source\Render\ITexture.cpp">
      <Filter>Source Files\Render</Filter>
    </ClCompile>
    <ClCompile Include="..\..\Source\Render\Material.cpp">
      <Filter>Source Files\Render</Filter>
    </ClCompile>
    <ClCompile Include="..\..\Source\Render\Utils.cpp">
      <Filter>Source Files\Render</Filter>
    </ClCompile>
    <ClCompile Include="..\..\Source\Reflection\AtomicWrapper.cpp">
      <Filter>Source Files\Reflection</Filter>
    </ClCompile>
    <ClCompile Include="..\..\Source\Reflection\CollectionWrapper.cpp">
      <Filter>Source Files\Reflection</Filter>
    </ClCompile>
    <ClCompile Include="..\..\Source\Reflection\XMLDeserializer.cpp">
      <Filter>Source Files\Reflection</Filter>
    </ClCompile>
    <ClCompile Include="..\..\Source\Reflection\XMLSerializer.cpp">
      <Filter>Source Files\Reflection</Filter>
    </ClCompile>
    <ClCompile Include="..\..\Source\Render\Light.cpp">
      <Filter>Source Files\Render</Filter>
    </ClCompile>
    <ClCompile Include="..\..\Source\Render\IProgram.cpp">
      <Filter>Source Files\Render</Filter>
    </ClCompile>
    <ClCompile Include="..\..\Source\Reflection\Serializable.cpp">
      <Filter>Source Files\Reflection</Filter>
    </ClCompile>
    <ClCompile Include="..\..\Source\Math\quat.cpp">
      <Filter>Source Files\Math</Filter>
    </ClCompile>
    <ClCompile Include="..\..\Source\Math\mat2.cpp">
      <Filter>Source Files\Math</Filter>
    </ClCompile>
    <ClCompile Include="..\..\Source\Math\mat4.cpp">
      <Filter>Source Files\Math</Filter>
    </ClCompile>
    <ClCompile Include="..\..\Source\Math\mat3.cpp">
      <Filter>Source Files\Math</Filter>
    </ClCompile>
    <ClCompile Include="..\..\Source\Math\vec2.cpp">
      <Filter>Source Files\Math</Filter>
    </ClCompile>
    <ClCompile Include="..\..\Source\Math\vec3.cpp">
      <Filter>Source Files\Math</Filter>
    </ClCompile>
    <ClCompile Include="..\..\Source\Math\vec4.cpp">
      <Filter>Source Files\Math</Filter>
    </ClCompile>
    <ClCompile Include="..\..\Source\Math\Plane.cpp">
      <Filter>Source Files\Math</Filter>
    </ClCompile>
    <ClCompile Include="..\..\Source\Math\AABB.cpp">
      <Filter>Source Files\Math</Filter>
    </ClCompile>
    <ClCompile Include="..\..\Source\Render\IFrameBuffer.cpp">
      <Filter>Source Files\Render</Filter>
    </ClCompile>
    <ClCompile Include="..\..\Source\Render\Uniform.cpp">
      <Filter>Source Files\Render</Filter>
    </ClCompile>
    <ClCompile Include="..\..\Source\Common\Window.cpp">
      <Filter>Source Files</Filter>
    </ClCompile>
    <ClCompile Include="..\..\Source\Common\WindowManager.cpp">
      <Filter>Source Files</Filter>
    </ClCompile>
    <ClCompile Include="..\..\Source\Common\Windows\WindowsWindow.cpp">
      <Filter>Source Files</Filter>
    </ClCompile>
    <ClCompile Include="..\..\Source\Common\Windows\WindowsWindowManager.cpp">
      <Filter>Source Files</Filter>
    </ClCompile>
    <ClCompile Include="..\..\Source\Common\Context.cpp">
      <Filter>Source Files</Filter>
    </ClCompile>
    <ClCompile Include="..\..\Source\Audio\IAudio.cpp">
      <Filter>Source Files</Filter>
    </ClCompile>
    <ClCompile Include="..\..\Source\Common\Windows\WindowsClipboard.cpp">
      <Filter>Source Files</Filter>
    </ClCompile>
    <ClCompile Include="..\..\Source\Common\DynamicLibrary.cpp">
      <Filter>Source Files</Filter>
    </ClCompile>
    <ClCompile Include="..\..\Source\Common\Windows\WindowsThread.cpp">
      <Filter>Source Files</Filter>
    </ClCompile>
    <ClCompile Include="..\..\Source\Common\Thread.cpp">
      <Filter>Source Files</Filter>
    </ClCompile>
    <ClCompile Include="..\..\Source\Common\Mutex.cpp">
      <Filter>Source Files</Filter>
    </ClCompile>
    <ClCompile Include="..\..\Source\Common\Windows\WindowsMutex.cpp">
      <Filter>Source Files</Filter>
    </ClCompile>
    <ClCompile Include="..\..\Source\Common\Platform.cpp">
      <Filter>Source Files</Filter>
    </ClCompile>
    <ClCompile Include="..\..\Source\Reflection\BinDeserializer.cpp">
      <Filter>Source Files</Filter>
    </ClCompile>
    <ClCompile Include="..\..\Source\Reflection\BinSerializer.cpp">
      <Filter>Source Files</Filter>
    </ClCompile>
    <ClCompile Include="..\..\Source\Render\RenderQueue.cpp">
      <Filter>Source Files\Render</Filter>
    </ClCompile>
  </ItemGroup>
  <ItemGroup>
    <ClInclude Include="..\..\Source\Common\common.h">
      <Filter>Header Files</Filter>
    </ClInclude>
    <ClInclude Include="..\..\Source\Common\Data.h">
      <Filter>Header Files</Filter>
    </ClInclude>
    <ClInclude Include="..\..\Source\Common\IDMap.h">
      <Filter>Header Files</Filter>
    </ClInclude>
    <ClInclude Include="..\..\Source\Common\Input.h">
      <Filter>Header Files</Filter>
    </ClInclude>
    <ClInclude Include="..\..\Source\Common\Log.h">
      <Filter>Header Files</Filter>
    </ClInclude>
    <ClInclude Include="..\..\Source\Common\LookAtObject.h">
      <Filter>Header Files</Filter>
    </ClInclude>
    <ClInclude Include="..\..\Source\Common\Notification.h">
      <Filter>Header Files</Filter>
    </ClInclude>
    <ClInclude Include="..\..\Source\Common\Settings.h">
      <Filter>Header Files</Filter>
    </ClInclude>
    <ClInclude Include="..\..\Source\Common\StringUtils.h">
      <Filter>Header Files</Filter>
    </ClInclude>
    <ClInclude Include="..\..\Source\Common\TimeCounter.h">
      <Filter>Header Files</Filter>
    </ClInclude>
    <ClInclude Include="..\..\Source\Common\tuple.h">
      <Filter>Header Files</Filter>
    </ClInclude>
    <ClInclude Include="..\..\Source\Common\types.h">
      <Filter>Header Files</Filter>
    </ClInclude>
    <ClInclude Include="..\..\Source\Common\BufferArray.h">
      <Filter>Header Files</Filter>
    </ClInclude>
    <ClInclude Include="..\..\Source\FileSystem\ZipFileStorage.h">
      <Filter>Header Files\FileSystem</Filter>
    </ClInclude>
    <ClInclude Include="..\..\Source\FileSystem\FileStorage.h">
      <Filter>Header Files\FileSystem</Filter>
    </ClInclude>
    <ClInclude Include="..\..\Source\FileSystem\FileStorageFactory.h">
      <Filter>Header Files\FileSystem</Filter>
    </ClInclude>
    <ClInclude Include="..\..\Source\FileSystem\Folder.h">
      <Filter>Header Files\FileSystem</Filter>
    </ClInclude>
    <ClInclude Include="..\..\Source\FileSystem\Path.h">
      <Filter>Header Files\FileSystem</Filter>
    </ClInclude>
    <ClInclude Include="..\..\Source\Reflection\Object.h">
      <Filter>Header Files\Reflection</Filter>
    </ClInclude>
    <ClInclude Include="..\..\Source\Reflection\Serializer.h">
      <Filter>Header Files\Reflection</Filter>
    </ClInclude>
    <ClInclude Include="..\..\Source\Reflection\Deserializer.h">
      <Filter>Header Files\Reflection</Filter>
    </ClInclude>
    <ClInclude Include="..\..\Source\Math\mathTypes.h">
      <Filter>Header Files\Math</Filter>
    </ClInclude>
    <ClInclude Include="..\..\Source\Math\PerlinNoise.h">
      <Filter>Header Files\Math</Filter>
    </ClInclude>
    <ClInclude Include="..\..\Source\Math\Plane.h">
      <Filter>Header Files\Math</Filter>
    </ClInclude>
    <ClInclude Include="..\..\Source\Math\QuatSlerper.h">
      <Filter>Header Files\Math</Filter>
    </ClInclude>
    <ClInclude Include="..\..\Source\Math\AABB.h">
      <Filter>Header Files\Math</Filter>
    </ClInclude>
    <ClInclude Include="..\..\Source\Math\BasicUtils.h">
      <Filter>Header Files\Math</Filter>
    </ClInclude>
    <ClInclude Include="..\..\Source\Math\GeometryTools.h">
      <Filter>Header Files\Math</Filter>
    </ClInclude>
    <ClInclude Include="..\..\Source\Render\Material.h">
      <Filter>Header Files\Render</Filter>
    </ClInclude>
    <ClInclude Include="..\..\Source\Render\Utils.h">
      <Filter>Header Files\Render</Filter>
    </ClInclude>
    <ClInclude Include="..\..\Source\Render\VertexBuffer.h">
      <Filter>Header Files\Render</Filter>
    </ClInclude>
    <ClInclude Include="..\..\Source\Render\Camera.h">
      <Filter>Header Files\Render</Filter>
    </ClInclude>
    <ClInclude Include="..\..\Source\Render\IBuffer.h">
      <Filter>Header Files\Render</Filter>
    </ClInclude>
    <ClInclude Include="..\..\Source\Render\IFrameBuffer.h">
      <Filter>Header Files\Render</Filter>
    </ClInclude>
    <ClInclude Include="..\..\Source\Render\Image.h">
      <Filter>Header Files\Render</Filter>
    </ClInclude>
    <ClInclude Include="..\..\Source\Render\IndexBuffer.h">
      <Filter>Header Files\Render</Filter>
    </ClInclude>
    <ClInclude Include="..\..\Source\Render\IProgram.h">
      <Filter>Header Files\Render</Filter>
    </ClInclude>
    <ClInclude Include="..\..\Source\Render\IRender.h">
      <Filter>Header Files\Render</Filter>
    </ClInclude>
    <ClInclude Include="..\..\Source\Render\ITexture.h">
      <Filter>Header Files\Render</Filter>
    </ClInclude>
    <ClInclude Include="..\..\Source\Render\IContextObject.h">
      <Filter>Header Files\Render</Filter>
    </ClInclude>
    <ClInclude Include="..\..\Source\Reflection\AtomicWrapper.h">
      <Filter>Header Files\Reflection</Filter>
    </ClInclude>
    <ClInclude Include="..\..\Source\Reflection\CollectionWrapper.h">
      <Filter>Header Files\Reflection</Filter>
    </ClInclude>
    <ClInclude Include="..\..\Source\Reflection\XMLDeserializer.h">
      <Filter>Header Files\Reflection</Filter>
    </ClInclude>
    <ClInclude Include="..\..\Source\Reflection\XMLSerializer.h">
      <Filter>Header Files\Reflection</Filter>
    </ClInclude>
    <ClInclude Include="..\..\Source\Reflection\XMLCommon.h">
      <Filter>Header Files\Reflection</Filter>
    </ClInclude>
    <ClInclude Include="..\..\Source\Reflection\EnumWrapper.h">
      <Filter>Header Files\Reflection</Filter>
    </ClInclude>
    <ClInclude Include="..\..\Source\Render\Light.h">
      <Filter>Header Files\Render</Filter>
    </ClInclude>
    <ClInclude Include="..\..\Source\Render\IRenderable.h">
      <Filter>Header Files\Render</Filter>
    </ClInclude>
    <ClInclude Include="..\..\Source\Reflection\Serializable.h">
      <Filter>Header Files\Reflection</Filter>
    </ClInclude>
    <ClInclude Include="..\..\Source\Common\DataMap.h">
      <Filter>Header Files</Filter>
    </ClInclude>
    <ClInclude Include="..\..\Source\Math\quat.h">
      <Filter>Header Files\Math</Filter>
    </ClInclude>
    <ClInclude Include="..\..\Source\Math\vec2.h">
      <Filter>Header Files\Math</Filter>
    </ClInclude>
    <ClInclude Include="..\..\Source\Math\vec4.h">
      <Filter>Header Files\Math</Filter>
    </ClInclude>
    <ClInclude Include="..\..\Source\Math\vec3.h">
      <Filter>Header Files\Math</Filter>
    </ClInclude>
    <ClInclude Include="..\..\Source\Math\mat4.h">
      <Filter>Header Files\Math</Filter>
    </ClInclude>
    <ClInclude Include="..\..\Source\Math\mat3.h">
      <Filter>Header Files\Math</Filter>
    </ClInclude>
    <ClInclude Include="..\..\Source\Math\mat2.h">
      <Filter>Header Files\Math</Filter>
    </ClInclude>
    <ClInclude Include="..\..\Source\Common\macros.h">
      <Filter>Header Files</Filter>
    </ClInclude>
    <ClInclude Include="..\..\Source\Render\Uniform.h">
      <Filter>Header Files\Render</Filter>
    </ClInclude>
    <ClInclude Include="..\..\Source\Common\Window.h">
      <Filter>Header Files</Filter>
    </ClInclude>
    <ClInclude Include="..\..\Source\Common\WindowManager.h">
      <Filter>Header Files</Filter>
    </ClInclude>
    <ClInclude Include="..\..\Source\Common\Context.h">
      <Filter>Header Files</Filter>
    </ClInclude>
    <ClInclude Include="..\..\Source\Common\Windows\WindowsWindow.h">
      <Filter>Header Files</Filter>
    </ClInclude>
    <ClInclude Include="..\..\Source\Common\Windows\WindowsWindowManager.h">
      <Filter>Header Files</Filter>
    </ClInclude>
    <ClInclude Include="..\..\Source\Audio\IAudio.h">
      <Filter>Header Files\Audio</Filter>
    </ClInclude>
    <ClInclude Include="..\..\Source\Audio\IBuffer.h">
      <Filter>Header Files\Audio</Filter>
    </ClInclude>
    <ClInclude Include="..\..\Source\Audio\ISource.h">
      <Filter>Header Files\Audio</Filter>
    </ClInclude>
    <ClInclude Include="..\..\Source\Common\Windows\WindowsClipboard.h">
      <Filter>Header Files</Filter>
    </ClInclude>
    <ClInclude Include="..\..\Source\Common\DynamicLibrary.h">
      <Filter>Header Files</Filter>
    </ClInclude>
    <ClInclude Include="..\..\Source\Common\Thread.h">
      <Filter>Header Files</Filter>
    </ClInclude>
    <ClInclude Include="..\..\Source\Common\Windows\WindowsThread.h">
      <Filter>Header Files</Filter>
    </ClInclude>
    <ClInclude Include="..\..\Source\Common\Mutex.h">
      <Filter>Header Files</Filter>
    </ClInclude>
    <ClInclude Include="..\..\Source\Common\Windows\WindowsMutex.h">
      <Filter>Header Files</Filter>
    </ClInclude>
    <ClInclude Include="..\..\Source\Common\Platform.h">
      <Filter>Header Files</Filter>
    </ClInclude>
    <ClInclude Include="..\..\Source\Common\DestructionPool.h">
      <Filter>Header Files</Filter>
    </ClInclude>
    <ClInclude Include="..\..\Source\Reflection\BinSerializer.h">
      <Filter>Header Files</Filter>
    </ClInclude>
    <ClInclude Include="..\..\Source\Reflection\BinDeserializer.h">
      <Filter>Header Files</Filter>
    </ClInclude>
    <ClInclude Include="..\..\Source\Reflection\DataWriter.h">
      <Filter>Header Files</Filter>
    </ClInclude>
    <ClInclude Include="..\..\Source\Reflection\RawData.h">
      <Filter>Header Files</Filter>
    </ClInclude>
    <ClInclude Include="..\..\Source\Common\HashString.h">
      <Filter>Header Files</Filter>
    </ClInclude>
    <ClInclude Include="..\..\Source\Render\RenderQueue.h">
      <Filter>Header Files\Render</Filter>
    </ClInclude>
  </ItemGroup>
</Project>